// !$*UTF8*$!
{
	archiveVersion = 1;
	classes = {
	};
	objectVersion = 50;
	objects = {

/* Begin PBXBuildFile section */
		41C6C5C7250F40A7003CA188 /* AppDelegate.swift in Sources */ = {isa = PBXBuildFile; fileRef = 41C6C5C6250F40A7003CA188 /* AppDelegate.swift */; };
		41C6C5C9250F40A7003CA188 /* SceneDelegate.swift in Sources */ = {isa = PBXBuildFile; fileRef = 41C6C5C8250F40A7003CA188 /* SceneDelegate.swift */; };
		41C6C5CB250F40A7003CA188 /* ViewController.swift in Sources */ = {isa = PBXBuildFile; fileRef = 41C6C5CA250F40A7003CA188 /* ViewController.swift */; };
		41C6C5CE250F40A7003CA188 /* Main.storyboard in Resources */ = {isa = PBXBuildFile; fileRef = 41C6C5CC250F40A7003CA188 /* Main.storyboard */; };
		41C6C5D0250F40A9003CA188 /* Assets.xcassets in Resources */ = {isa = PBXBuildFile; fileRef = 41C6C5CF250F40A9003CA188 /* Assets.xcassets */; };
		41C6C5D3250F40A9003CA188 /* LaunchScreen.storyboard in Resources */ = {isa = PBXBuildFile; fileRef = 41C6C5D1250F40A9003CA188 /* LaunchScreen.storyboard */; };
		41C6C5DE250F40AA003CA188 /* TechMonTests.swift in Sources */ = {isa = PBXBuildFile; fileRef = 41C6C5DD250F40AA003CA188 /* TechMonTests.swift */; };
		41C6C5E9250F40AA003CA188 /* TechMonUITests.swift in Sources */ = {isa = PBXBuildFile; fileRef = 41C6C5E8250F40AA003CA188 /* TechMonUITests.swift */; };
/* End PBXBuildFile section */

/* Begin PBXContainerItemProxy section */
		41C6C5DA250F40AA003CA188 /* PBXContainerItemProxy */ = {
			isa = PBXContainerItemProxy;
			containerPortal = 41C6C5BB250F40A7003CA188 /* Project object */;
			proxyType = 1;
			remoteGlobalIDString = 41C6C5C2250F40A7003CA188;
			remoteInfo = TechMon;
		};
		41C6C5E5250F40AA003CA188 /* PBXContainerItemProxy */ = {
			isa = PBXContainerItemProxy;
			containerPortal = 41C6C5BB250F40A7003CA188 /* Project object */;
			proxyType = 1;
			remoteGlobalIDString = 41C6C5C2250F40A7003CA188;
			remoteInfo = TechMon;
		};
/* End PBXContainerItemProxy section */

/* Begin PBXFileReference section */
		41C6C5C3250F40A7003CA188 /* TechMon.app */ = {isa = PBXFileReference; explicitFileType = wrapper.application; includeInIndex = 0; path = TechMon.app; sourceTree = BUILT_PRODUCTS_DIR; };
		41C6C5C6250F40A7003CA188 /* AppDelegate.swift */ = {isa = PBXFileReference; lastKnownFileType = sourcecode.swift; path = AppDelegate.swift; sourceTree = "<group>"; };
		41C6C5C8250F40A7003CA188 /* SceneDelegate.swift */ = {isa = PBXFileReference; lastKnownFileType = sourcecode.swift; path = SceneDelegate.swift; sourceTree = "<group>"; };
		41C6C5CA250F40A7003CA188 /* ViewController.swift */ = {isa = PBXFileReference; lastKnownFileType = sourcecode.swift; path = ViewController.swift; sourceTree = "<group>"; };
		41C6C5CD250F40A7003CA188 /* Base */ = {isa = PBXFileReference; lastKnownFileType = file.storyboard; name = Base; path = Base.lproj/Main.storyboard; sourceTree = "<group>"; };
		41C6C5CF250F40A9003CA188 /* Assets.xcassets */ = {isa = PBXFileReference; lastKnownFileType = folder.assetcatalog; path = Assets.xcassets; sourceTree = "<group>"; };
		41C6C5D2250F40A9003CA188 /* Base */ = {isa = PBXFileReference; lastKnownFileType = file.storyboard; name = Base; path = Base.lproj/LaunchScreen.storyboard; sourceTree = "<group>"; };
		41C6C5D4250F40A9003CA188 /* Info.plist */ = {isa = PBXFileReference; lastKnownFileType = text.plist.xml; path = Info.plist; sourceTree = "<group>"; };
		41C6C5D9250F40AA003CA188 /* TechMonTests.xctest */ = {isa = PBXFileReference; explicitFileType = wrapper.cfbundle; includeInIndex = 0; path = TechMonTests.xctest; sourceTree = BUILT_PRODUCTS_DIR; };
		41C6C5DD250F40AA003CA188 /* TechMonTests.swift */ = {isa = PBXFileReference; lastKnownFileType = sourcecode.swift; path = TechMonTests.swift; sourceTree = "<group>"; };
		41C6C5DF250F40AA003CA188 /* Info.plist */ = {isa = PBXFileReference; lastKnownFileType = text.plist.xml; path = Info.plist; sourceTree = "<group>"; };
		41C6C5E4250F40AA003CA188 /* TechMonUITests.xctest */ = {isa = PBXFileReference; explicitFileType = wrapper.cfbundle; includeInIndex = 0; path = TechMonUITests.xctest; sourceTree = BUILT_PRODUCTS_DIR; };
		41C6C5E8250F40AA003CA188 /* TechMonUITests.swift */ = {isa = PBXFileReference; lastKnownFileType = sourcecode.swift; path = TechMonUITests.swift; sourceTree = "<group>"; };
		41C6C5EA250F40AA003CA188 /* Info.plist */ = {isa = PBXFileReference; lastKnownFileType = text.plist.xml; path = Info.plist; sourceTree = "<group>"; };
/* End PBXFileReference section */

/* Begin PBXFrameworksBuildPhase section */
		41C6C5C0250F40A7003CA188 /* Frameworks */ = {
			isa = PBXFrameworksBuildPhase;
			buildActionMask = 2147483647;
			files = (
			);
			runOnlyForDeploymentPostprocessing = 0;
		};
		41C6C5D6250F40AA003CA188 /* Frameworks */ = {
			isa = PBXFrameworksBuildPhase;
			buildActionMask = 2147483647;
			files = (
			);
			runOnlyForDeploymentPostprocessing = 0;
		};
		41C6C5E1250F40AA003CA188 /* Frameworks */ = {
			isa = PBXFrameworksBuildPhase;
			buildActionMask = 2147483647;
			files = (
			);
			runOnlyForDeploymentPostprocessing = 0;
		};
/* End PBXFrameworksBuildPhase section */

/* Begin PBXGroup section */
		41C6C5BA250F40A7003CA188 = {
			isa = PBXGroup;
			children = (
				41C6C5C5250F40A7003CA188 /* TechMon */,
				41C6C5DC250F40AA003CA188 /* TechMonTests */,
				41C6C5E7250F40AA003CA188 /* TechMonUITests */,
				41C6C5C4250F40A7003CA188 /* Products */,
			);
			sourceTree = "<group>";
		};
		41C6C5C4250F40A7003CA188 /* Products */ = {
			isa = PBXGroup;
			children = (
				41C6C5C3250F40A7003CA188 /* TechMon.app */,
				41C6C5D9250F40AA003CA188 /* TechMonTests.xctest */,
				41C6C5E4250F40AA003CA188 /* TechMonUITests.xctest */,
			);
			name = Products;
			sourceTree = "<group>";
		};
		41C6C5C5250F40A7003CA188 /* TechMon */ = {
			isa = PBXGroup;
			children = (
				41C6C5C6250F40A7003CA188 /* AppDelegate.swift */,
				41C6C5C8250F40A7003CA188 /* SceneDelegate.swift */,
				41C6C5CA250F40A7003CA188 /* ViewController.swift */,
				41C6C5CC250F40A7003CA188 /* Main.storyboard */,
				41C6C5CF250F40A9003CA188 /* Assets.xcassets */,
				41C6C5D1250F40A9003CA188 /* LaunchScreen.storyboard */,
				41C6C5D4250F40A9003CA188 /* Info.plist */,
			);
			path = TechMon;
			sourceTree = "<group>";
		};
		41C6C5DC250F40AA003CA188 /* TechMonTests */ = {
			isa = PBXGroup;
			children = (
				41C6C5DD250F40AA003CA188 /* TechMonTests.swift */,
				41C6C5DF250F40AA003CA188 /* Info.plist */,
			);
			path = TechMonTests;
			sourceTree = "<group>";
		};
		41C6C5E7250F40AA003CA188 /* TechMonUITests */ = {
			isa = PBXGroup;
			children = (
				41C6C5E8250F40AA003CA188 /* TechMonUITests.swift */,
				41C6C5EA250F40AA003CA188 /* Info.plist */,
			);
			path = TechMonUITests;
			sourceTree = "<group>";
		};
/* End PBXGroup section */

/* Begin PBXNativeTarget section */
		41C6C5C2250F40A7003CA188 /* TechMon */ = {
			isa = PBXNativeTarget;
			buildConfigurationList = 41C6C5ED250F40AA003CA188 /* Build configuration list for PBXNativeTarget "TechMon" */;
			buildPhases = (
				41C6C5BF250F40A7003CA188 /* Sources */,
				41C6C5C0250F40A7003CA188 /* Frameworks */,
				41C6C5C1250F40A7003CA188 /* Resources */,
			);
			buildRules = (
			);
			dependencies = (
			);
			name = TechMon;
			productName = TechMon;
			productReference = 41C6C5C3250F40A7003CA188 /* TechMon.app */;
			productType = "com.apple.product-type.application";
		};
		41C6C5D8250F40AA003CA188 /* TechMonTests */ = {
			isa = PBXNativeTarget;
			buildConfigurationList = 41C6C5F0250F40AA003CA188 /* Build configuration list for PBXNativeTarget "TechMonTests" */;
			buildPhases = (
				41C6C5D5250F40AA003CA188 /* Sources */,
				41C6C5D6250F40AA003CA188 /* Frameworks */,
				41C6C5D7250F40AA003CA188 /* Resources */,
			);
			buildRules = (
			);
			dependencies = (
				41C6C5DB250F40AA003CA188 /* PBXTargetDependency */,
			);
			name = TechMonTests;
			productName = TechMonTests;
			productReference = 41C6C5D9250F40AA003CA188 /* TechMonTests.xctest */;
			productType = "com.apple.product-type.bundle.unit-test";
		};
		41C6C5E3250F40AA003CA188 /* TechMonUITests */ = {
			isa = PBXNativeTarget;
			buildConfigurationList = 41C6C5F3250F40AA003CA188 /* Build configuration list for PBXNativeTarget "TechMonUITests" */;
			buildPhases = (
				41C6C5E0250F40AA003CA188 /* Sources */,
				41C6C5E1250F40AA003CA188 /* Frameworks */,
				41C6C5E2250F40AA003CA188 /* Resources */,
			);
			buildRules = (
			);
			dependencies = (
				41C6C5E6250F40AA003CA188 /* PBXTargetDependency */,
			);
			name = TechMonUITests;
			productName = TechMonUITests;
			productReference = 41C6C5E4250F40AA003CA188 /* TechMonUITests.xctest */;
			productType = "com.apple.product-type.bundle.ui-testing";
		};
/* End PBXNativeTarget section */

/* Begin PBXProject section */
		41C6C5BB250F40A7003CA188 /* Project object */ = {
			isa = PBXProject;
			attributes = {
				LastSwiftUpdateCheck = 1170;
				LastUpgradeCheck = 1170;
				ORGANIZATIONNAME = IdoUmi;
				TargetAttributes = {
					41C6C5C2250F40A7003CA188 = {
						CreatedOnToolsVersion = 11.7;
					};
					41C6C5D8250F40AA003CA188 = {
						CreatedOnToolsVersion = 11.7;
						TestTargetID = 41C6C5C2250F40A7003CA188;
					};
					41C6C5E3250F40AA003CA188 = {
						CreatedOnToolsVersion = 11.7;
						TestTargetID = 41C6C5C2250F40A7003CA188;
					};
				};
			};
			buildConfigurationList = 41C6C5BE250F40A7003CA188 /* Build configuration list for PBXProject "TechMon" */;
			compatibilityVersion = "Xcode 9.3";
			developmentRegion = en;
			hasScannedForEncodings = 0;
			knownRegions = (
				en,
				Base,
			);
			mainGroup = 41C6C5BA250F40A7003CA188;
			productRefGroup = 41C6C5C4250F40A7003CA188 /* Products */;
			projectDirPath = "";
			projectRoot = "";
			targets = (
				41C6C5C2250F40A7003CA188 /* TechMon */,
				41C6C5D8250F40AA003CA188 /* TechMonTests */,
				41C6C5E3250F40AA003CA188 /* TechMonUITests */,
			);
		};
/* End PBXProject section */

/* Begin PBXResourcesBuildPhase section */
		41C6C5C1250F40A7003CA188 /* Resources */ = {
			isa = PBXResourcesBuildPhase;
			buildActionMask = 2147483647;
			files = (
				41C6C5D3250F40A9003CA188 /* LaunchScreen.storyboard in Resources */,
				41C6C5D0250F40A9003CA188 /* Assets.xcassets in Resources */,
				41C6C5CE250F40A7003CA188 /* Main.storyboard in Resources */,
			);
			runOnlyForDeploymentPostprocessing = 0;
		};
		41C6C5D7250F40AA003CA188 /* Resources */ = {
			isa = PBXResourcesBuildPhase;
			buildActionMask = 2147483647;
			files = (
			);
			runOnlyForDeploymentPostprocessing = 0;
		};
		41C6C5E2250F40AA003CA188 /* Resources */ = {
			isa = PBXResourcesBuildPhase;
			buildActionMask = 2147483647;
			files = (
			);
			runOnlyForDeploymentPostprocessing = 0;
		};
/* End PBXResourcesBuildPhase section */

/* Begin PBXSourcesBuildPhase section */
		41C6C5BF250F40A7003CA188 /* Sources */ = {
			isa = PBXSourcesBuildPhase;
			buildActionMask = 2147483647;
			files = (
				41C6C5CB250F40A7003CA188 /* ViewController.swift in Sources */,
				41C6C5C7250F40A7003CA188 /* AppDelegate.swift in Sources */,
				41C6C5C9250F40A7003CA188 /* SceneDelegate.swift in Sources */,
			);
			runOnlyForDeploymentPostprocessing = 0;
		};
		41C6C5D5250F40AA003CA188 /* Sources */ = {
			isa = PBXSourcesBuildPhase;
			buildActionMask = 2147483647;
			files = (
				41C6C5DE250F40AA003CA188 /* TechMonTests.swift in Sources */,
			);
			runOnlyForDeploymentPostprocessing = 0;
		};
		41C6C5E0250F40AA003CA188 /* Sources */ = {
			isa = PBXSourcesBuildPhase;
			buildActionMask = 2147483647;
			files = (
				41C6C5E9250F40AA003CA188 /* TechMonUITests.swift in Sources */,
			);
			runOnlyForDeploymentPostprocessing = 0;
		};
/* End PBXSourcesBuildPhase section */

/* Begin PBXTargetDependency section */
		41C6C5DB250F40AA003CA188 /* PBXTargetDependency */ = {
			isa = PBXTargetDependency;
			target = 41C6C5C2250F40A7003CA188 /* TechMon */;
			targetProxy = 41C6C5DA250F40AA003CA188 /* PBXContainerItemProxy */;
		};
		41C6C5E6250F40AA003CA188 /* PBXTargetDependency */ = {
			isa = PBXTargetDependency;
			target = 41C6C5C2250F40A7003CA188 /* TechMon */;
			targetProxy = 41C6C5E5250F40AA003CA188 /* PBXContainerItemProxy */;
		};
/* End PBXTargetDependency section */

/* Begin PBXVariantGroup section */
		41C6C5CC250F40A7003CA188 /* Main.storyboard */ = {
			isa = PBXVariantGroup;
			children = (
				41C6C5CD250F40A7003CA188 /* Base */,
			);
			name = Main.storyboard;
			sourceTree = "<group>";
		};
		41C6C5D1250F40A9003CA188 /* LaunchScreen.storyboard */ = {
			isa = PBXVariantGroup;
			children = (
				41C6C5D2250F40A9003CA188 /* Base */,
			);
			name = LaunchScreen.storyboard;
			sourceTree = "<group>";
		};
/* End PBXVariantGroup section */

/* Begin XCBuildConfiguration section */
		41C6C5EB250F40AA003CA188 /* Debug */ = {
			isa = XCBuildConfiguration;
			buildSettings = {
				ALWAYS_SEARCH_USER_PATHS = NO;
				CLANG_ANALYZER_NONNULL = YES;
				CLANG_ANALYZER_NUMBER_OBJECT_CONVERSION = YES_AGGRESSIVE;
				CLANG_CXX_LANGUAGE_STANDARD = "gnu++14";
				CLANG_CXX_LIBRARY = "libc++";
				CLANG_ENABLE_MODULES = YES;
				CLANG_ENABLE_OBJC_ARC = YES;
				CLANG_ENABLE_OBJC_WEAK = YES;
				CLANG_WARN_BLOCK_CAPTURE_AUTORELEASING = YES;
				CLANG_WARN_BOOL_CONVERSION = YES;
				CLANG_WARN_COMMA = YES;
				CLANG_WARN_CONSTANT_CONVERSION = YES;
				CLANG_WARN_DEPRECATED_OBJC_IMPLEMENTATIONS = YES;
				CLANG_WARN_DIRECT_OBJC_ISA_USAGE = YES_ERROR;
				CLANG_WARN_DOCUMENTATION_COMMENTS = YES;
				CLANG_WARN_EMPTY_BODY = YES;
				CLANG_WARN_ENUM_CONVERSION = YES;
				CLANG_WARN_INFINITE_RECURSION = YES;
				CLANG_WARN_INT_CONVERSION = YES;
				CLANG_WARN_NON_LITERAL_NULL_CONVERSION = YES;
				CLANG_WARN_OBJC_IMPLICIT_RETAIN_SELF = YES;
				CLANG_WARN_OBJC_LITERAL_CONVERSION = YES;
				CLANG_WARN_OBJC_ROOT_CLASS = YES_ERROR;
				CLANG_WARN_RANGE_LOOP_ANALYSIS = YES;
				CLANG_WARN_STRICT_PROTOTYPES = YES;
				CLANG_WARN_SUSPICIOUS_MOVE = YES;
				CLANG_WARN_UNGUARDED_AVAILABILITY = YES_AGGRESSIVE;
				CLANG_WARN_UNREACHABLE_CODE = YES;
				CLANG_WARN__DUPLICATE_METHOD_MATCH = YES;
				COPY_PHASE_STRIP = NO;
				DEBUG_INFORMATION_FORMAT = dwarf;
				ENABLE_STRICT_OBJC_MSGSEND = YES;
				ENABLE_TESTABILITY = YES;
				GCC_C_LANGUAGE_STANDARD = gnu11;
				GCC_DYNAMIC_NO_PIC = NO;
				GCC_NO_COMMON_BLOCKS = YES;
				GCC_OPTIMIZATION_LEVEL = 0;
				GCC_PREPROCESSOR_DEFINITIONS = (
					"DEBUG=1",
					"$(inherited)",
				);
				GCC_WARN_64_TO_32_BIT_CONVERSION = YES;
				GCC_WARN_ABOUT_RETURN_TYPE = YES_ERROR;
				GCC_WARN_UNDECLARED_SELECTOR = YES;
				GCC_WARN_UNINITIALIZED_AUTOS = YES_AGGRESSIVE;
				GCC_WARN_UNUSED_FUNCTION = YES;
				GCC_WARN_UNUSED_VARIABLE = YES;
				IPHONEOS_DEPLOYMENT_TARGET = 13.7;
				MTL_ENABLE_DEBUG_INFO = INCLUDE_SOURCE;
				MTL_FAST_MATH = YES;
				ONLY_ACTIVE_ARCH = YES;
				SDKROOT = iphoneos;
				SWIFT_ACTIVE_COMPILATION_CONDITIONS = DEBUG;
				SWIFT_OPTIMIZATION_LEVEL = "-Onone";
			};
			name = Debug;
		};
		41C6C5EC250F40AA003CA188 /* Release */ = {
			isa = XCBuildConfiguration;
			buildSettings = {
				ALWAYS_SEARCH_USER_PATHS = NO;
				CLANG_ANALYZER_NONNULL = YES;
				CLANG_ANALYZER_NUMBER_OBJECT_CONVERSION = YES_AGGRESSIVE;
				CLANG_CXX_LANGUAGE_STANDARD = "gnu++14";
				CLANG_CXX_LIBRARY = "libc++";
				CLANG_ENABLE_MODULES = YES;
				CLANG_ENABLE_OBJC_ARC = YES;
				CLANG_ENABLE_OBJC_WEAK = YES;
				CLANG_WARN_BLOCK_CAPTURE_AUTORELEASING = YES;
				CLANG_WARN_BOOL_CONVERSION = YES;
				CLANG_WARN_COMMA = YES;
				CLANG_WARN_CONSTANT_CONVERSION = YES;
				CLANG_WARN_DEPRECATED_OBJC_IMPLEMENTATIONS = YES;
				CLANG_WARN_DIRECT_OBJC_ISA_USAGE = YES_ERROR;
				CLANG_WARN_DOCUMENTATION_COMMENTS = YES;
				CLANG_WARN_EMPTY_BODY = YES;
				CLANG_WARN_ENUM_CONVERSION = YES;
				CLANG_WARN_INFINITE_RECURSION = YES;
				CLANG_WARN_INT_CONVERSION = YES;
				CLANG_WARN_NON_LITERAL_NULL_CONVERSION = YES;
				CLANG_WARN_OBJC_IMPLICIT_RETAIN_SELF = YES;
				CLANG_WARN_OBJC_LITERAL_CONVERSION = YES;
				CLANG_WARN_OBJC_ROOT_CLASS = YES_ERROR;
				CLANG_WARN_RANGE_LOOP_ANALYSIS = YES;
				CLANG_WARN_STRICT_PROTOTYPES = YES;
				CLANG_WARN_SUSPICIOUS_MOVE = YES;
				CLANG_WARN_UNGUARDED_AVAILABILITY = YES_AGGRESSIVE;
				CLANG_WARN_UNREACHABLE_CODE = YES;
				CLANG_WARN__DUPLICATE_METHOD_MATCH = YES;
				COPY_PHASE_STRIP = NO;
				DEBUG_INFORMATION_FORMAT = "dwarf-with-dsym";
				ENABLE_NS_ASSERTIONS = NO;
				ENABLE_STRICT_OBJC_MSGSEND = YES;
				GCC_C_LANGUAGE_STANDARD = gnu11;
				GCC_NO_COMMON_BLOCKS = YES;
				GCC_WARN_64_TO_32_BIT_CONVERSION = YES;
				GCC_WARN_ABOUT_RETURN_TYPE = YES_ERROR;
				GCC_WARN_UNDECLARED_SELECTOR = YES;
				GCC_WARN_UNINITIALIZED_AUTOS = YES_AGGRESSIVE;
				GCC_WARN_UNUSED_FUNCTION = YES;
				GCC_WARN_UNUSED_VARIABLE = YES;
				IPHONEOS_DEPLOYMENT_TARGET = 13.7;
				MTL_ENABLE_DEBUG_INFO = NO;
				MTL_FAST_MATH = YES;
				SDKROOT = iphoneos;
				SWIFT_COMPILATION_MODE = wholemodule;
				SWIFT_OPTIMIZATION_LEVEL = "-O";
				VALIDATE_PRODUCT = YES;
			};
			name = Release;
		};
		41C6C5EE250F40AA003CA188 /* Debug */ = {
			isa = XCBuildConfiguration;
			buildSettings = {
				ASSETCATALOG_COMPILER_APPICON_NAME = AppIcon;
				CODE_SIGN_STYLE = Automatic;
				INFOPLIST_FILE = TechMon/Info.plist;
				LD_RUNPATH_SEARCH_PATHS = (
					"$(inherited)",
					"@executable_path/Frameworks",
				);
				PRODUCT_BUNDLE_IDENTIFIER = app.ido.umi.TechMon;
				PRODUCT_NAME = "$(TARGET_NAME)";
				SWIFT_VERSION = 5.0;
				TARGETED_DEVICE_FAMILY = "1,2";
			};
			name = Debug;
		};
		41C6C5EF250F40AA003CA188 /* Release */ = {
			isa = XCBuildConfiguration;
			buildSettings = {
				ASSETCATALOG_COMPILER_APPICON_NAME = AppIcon;
				CODE_SIGN_STYLE = Automatic;
				INFOPLIST_FILE = TechMon/Info.plist;
				LD_RUNPATH_SEARCH_PATHS = (
					"$(inherited)",
					"@executable_path/Frameworks",
				);
				PRODUCT_BUNDLE_IDENTIFIER = app.ido.umi.TechMon;
				PRODUCT_NAME = "$(TARGET_NAME)";
				SWIFT_VERSION = 5.0;
				TARGETED_DEVICE_FAMILY = "1,2";
			};
			name = Release;
		};
		41C6C5F1250F40AA003CA188 /* Debug */ = {
			isa = XCBuildConfiguration;
			buildSettings = {
				ALWAYS_EMBED_SWIFT_STANDARD_LIBRARIES = YES;
				BUNDLE_LOADER = "$(TEST_HOST)";
				CODE_SIGN_STYLE = Automatic;
				INFOPLIST_FILE = TechMonTests/Info.plist;
				IPHONEOS_DEPLOYMENT_TARGET = 13.7;
				LD_RUNPATH_SEARCH_PATHS = (
					"$(inherited)",
					"@executable_path/Frameworks",
					"@loader_path/Frameworks",
				);
				PRODUCT_BUNDLE_IDENTIFIER = app.ido.umi.TechMonTests;
				PRODUCT_NAME = "$(TARGET_NAME)";
				SWIFT_VERSION = 5.0;
				TARGETED_DEVICE_FAMILY = "1,2";
				TEST_HOST = "$(BUILT_PRODUCTS_DIR)/TechMon.app/TechMon";
			};
			name = Debug;
		};
		41C6C5F2250F40AA003CA188 /* Release */ = {
			isa = XCBuildConfiguration;
			buildSettings = {
				ALWAYS_EMBED_SWIFT_STANDARD_LIBRARIES = YES;
				BUNDLE_LOADER = "$(TEST_HOST)";
				CODE_SIGN_STYLE = Automatic;
				INFOPLIST_FILE = TechMonTests/Info.plist;
				IPHONEOS_DEPLOYMENT_TARGET = 13.7;
				LD_RUNPATH_SEARCH_PATHS = (
					"$(inherited)",
					"@executable_path/Frameworks",
					"@loader_path/Frameworks",
				);
				PRODUCT_BUNDLE_IDENTIFIER = app.ido.umi.TechMonTests;
				PRODUCT_NAME = "$(TARGET_NAME)";
				SWIFT_VERSION = 5.0;
				TARGETED_DEVICE_FAMILY = "1,2";
				TEST_HOST = "$(BUILT_PRODUCTS_DIR)/TechMon.app/TechMon";
			};
			name = Release;
		};
		41C6C5F4250F40AA003CA188 /* Debug */ = {
			isa = XCBuildConfiguration;
			buildSettings = {
				ALWAYS_EMBED_SWIFT_STANDARD_LIBRARIES = YES;
				CODE_SIGN_STYLE = Automatic;
				INFOPLIST_FILE = TechMonUITests/Info.plist;
				LD_RUNPATH_SEARCH_PATHS = (
					"$(inherited)",
					"@executable_path/Frameworks",
					"@loader_path/Frameworks",
				);
				PRODUCT_BUNDLE_IDENTIFIER = app.ido.umi.TechMonUITests;
				PRODUCT_NAME = "$(TARGET_NAME)";
				SWIFT_VERSION = 5.0;
				TARGETED_DEVICE_FAMILY = "1,2";
				TEST_TARGET_NAME = TechMon;
			};
			name = Debug;
		};
		41C6C5F5250F40AA003CA188 /* Release */ = {
			isa = XCBuildConfiguration;
			buildSettings = {
				ALWAYS_EMBED_SWIFT_STANDARD_LIBRARIES = YES;
				CODE_SIGN_STYLE = Automatic;
				INFOPLIST_FILE = TechMonUITests/Info.plist;
				LD_RUNPATH_SEARCH_PATHS = (
					"$(inherited)",
					"@executable_path/Frameworks",
					"@loader_path/Frameworks",
				);
				PRODUCT_BUNDLE_IDENTIFIER = app.ido.umi.TechMonUITests;
				PRODUCT_NAME = "$(TARGET_NAME)";
				SWIFT_VERSION = 5.0;
				TARGETED_DEVICE_FAMILY = "1,2";
				TEST_TARGET_NAME = TechMon;
			};
			name = Release;
		};
/* End XCBuildConfiguration section */

/* Begin XCConfigurationList section */
		41C6C5BE250F40A7003CA188 /* Build configuration list for PBXProject "TechMon" */ = {
			isa = XCConfigurationList;
			buildConfigurations = (
				41C6C5EB250F40AA003CA188 /* Debug */,
				41C6C5EC250F40AA003CA188 /* Release */,
			);
			defaultConfigurationIsVisible = 0;
			defaultConfigurationName = Release;
		};
		41C6C5ED250F40AA003CA188 /* Build configuration list for PBXNativeTarget "TechMon" */ = {
			isa = XCConfigurationList;
			buildConfigurations = (
				41C6C5EE250F40AA003CA188 /* Debug */,
				41C6C5EF250F40AA003CA188 /* Release */,
			);
			defaultConfigurationIsVisible = 0;
			defaultConfigurationName = Release;
		};
		41C6C5F0250F40AA003CA188 /* Build configuration list for PBXNativeTarget "TechMonTests" */ = {
			isa = XCConfigurationList;
			buildConfigurations = (
				41C6C5F1250F40AA003CA188 /* Debug */,
				41C6C5F2250F40AA003CA188 /* Release */,
			);
			defaultConfigurationIsVisible = 0;
			defaultConfigurationName = Release;
		};
		41C6C5F3250F40AA003CA188 /* Build configuration list for PBXNativeTarget "TechMonUITests" */ = {
			isa = XCConfigurationList;
			buildConfigurations = (
				41C6C5F4250F40AA003CA188 /* Debug */,
				41C6C5F5250F40AA003CA188 /* Release */,
			);
			defaultConfigurationIsVisible = 0;
			defaultConfigurationName = Release;
		};
/* End XCConfigurationList section */
	};
	rootObject = 41C6C5BB250F40A7003CA188 /* Project object */;
}
